
Microsoft Visual Studio Solution File, Format Version 12.00
# Visual Studio Version 16
VisualStudioVersion = 16.0.31702.278
MinimumVisualStudioVersion = 10.0.40219.1
Project("{2150E333-8FDC-42A3-9474-1A3956D46DE8}") = "src", "src", "{174E222D-B3A4-4ED8-92CE-6E6735C085A5}"
EndProject
Project("{2150E333-8FDC-42A3-9474-1A3956D46DE8}") = "test", "test", "{1D4B87D7-6A4E-4355-BCD2-613B7D39D1D9}"
EndProject
Project("{2150E333-8FDC-42A3-9474-1A3956D46DE8}") = "application", "application", "{0FCE355D-5778-4DFA-84BF-1E58D5DC714B}"
EndProject
Project("{2150E333-8FDC-42A3-9474-1A3956D46DE8}") = "domain", "domain", "{430AF6BB-03F1-472F-AB35-0438B09BAA99}"
EndProject
Project("{2150E333-8FDC-42A3-9474-1A3956D46DE8}") = "infrastructure", "infrastructure", "{35FEA9D2-5100-41B1-8826-640DF08E34C3}"
EndProject
Project("{2150E333-8FDC-42A3-9474-1A3956D46DE8}") = "persistence", "persistence", "{798F6AA2-F144-4715-99C1-32612DA3D617}"
EndProject
Project("{2150E333-8FDC-42A3-9474-1A3956D46DE8}") = "presentation", "presentation", "{5DE7318D-9185-4DCE-A596-B64269F55171}"
EndProject
Project("{2150E333-8FDC-42A3-9474-1A3956D46DE8}") = "webapi", "webapi", "{25853A94-B9ED-422A-B82E-B42E7A434385}"
EndProject
Project("{2150E333-8FDC-42A3-9474-1A3956D46DE8}") = "webapp", "webapp", "{73144D9C-0A6F-4D2B-A1CC-266E5AD2D364}"
EndProject
Project("{2150E333-8FDC-42A3-9474-1A3956D46DE8}") = "core", "core", "{CE09A199-A5AB-4093-985B-24E44F4D5682}"
	ProjectSection(SolutionItems) = preProject
		readme.txt = readme.txt
	EndProjectSection
EndProject
Project("{FAE04EC0-301F-11D3-BF4B-00C04F79EFBC}") = "AgileManagement.API", "AgileManagement.API\AgileManagement.API.csproj", "{D549C27F-94A2-4648-84B0-2CB76F2D01D7}"
EndProject
Project("{FAE04EC0-301F-11D3-BF4B-00C04F79EFBC}") = "AgileManagement.Mvc", "AgileManagement.Mvc\AgileManagement.Mvc.csproj", "{82D747C4-AB40-4894-A4DB-AB5A21563C26}"
EndProject
Project("{FAE04EC0-301F-11D3-BF4B-00C04F79EFBC}") = "AgileManagement.Application", "AgileManagement.Application\AgileManagement.Application.csproj", "{1C329339-AAC8-46D7-A049-ED7DE3845118}"
EndProject
Project("{FAE04EC0-301F-11D3-BF4B-00C04F79EFBC}") = "AgileManagement.Domain", "AgileManagement.Domain\AgileManagement.Domain.csproj", "{811F2F70-31D3-4AEB-8C54-DC7CBDB26214}"
EndProject
Project("{FAE04EC0-301F-11D3-BF4B-00C04F79EFBC}") = "AgileManagement.Infrastructure", "AgileManagement.Infrastructure\AgileManagement.Infrastructure.csproj", "{6AE9445D-831C-4EDE-89F1-B1167D991256}"
EndProject
Project("{FAE04EC0-301F-11D3-BF4B-00C04F79EFBC}") = "AgileMagament.Persistence", "AgileMagament.Persistence\AgileMagament.Persistence.csproj", "{7DB5E96F-51A9-4065-8B40-3D8CC8A6309E}"
EndProject
Project("{2150E333-8FDC-42A3-9474-1A3956D46DE8}") = "application", "application", "{01B8C2E3-4FC6-4FFB-BA64-1B28AE0AD44E}"
EndProject
Project("{FAE04EC0-301F-11D3-BF4B-00C04F79EFBC}") = "AgileManagement.Application.Test", "AgileManagement.Application.Test\AgileManagement.Application.Test.csproj", "{0A67AA79-6766-43F9-B182-89EE7DE58491}"
EndProject
Project("{FAE04EC0-301F-11D3-BF4B-00C04F79EFBC}") = "AgileManagement.Core", "AgileManagement.Core\AgileManagement.Core.csproj", "{6C8E4944-C7A2-4547-A0C1-74067C7A67D7}"
EndProject
Global
	GlobalSection(SolutionConfigurationPlatforms) = preSolution
		Debug|Any CPU = Debug|Any CPU
		Release|Any CPU = Release|Any CPU
	EndGlobalSection
	GlobalSection(ProjectConfigurationPlatforms) = postSolution
		{D549C27F-94A2-4648-84B0-2CB76F2D01D7}.Debug|Any CPU.ActiveCfg = Debug|Any CPU
		{D549C27F-94A2-4648-84B0-2CB76F2D01D7}.Debug|Any CPU.Build.0 = Debug|Any CPU
		{D549C27F-94A2-4648-84B0-2CB76F2D01D7}.Release|Any CPU.ActiveCfg = Release|Any CPU
		{D549C27F-94A2-4648-84B0-2CB76F2D01D7}.Release|Any CPU.Build.0 = Release|Any CPU
		{82D747C4-AB40-4894-A4DB-AB5A21563C26}.Debug|Any CPU.ActiveCfg = Debug|Any CPU
		{82D747C4-AB40-4894-A4DB-AB5A21563C26}.Debug|Any CPU.Build.0 = Debug|Any CPU
		{82D747C4-AB40-4894-A4DB-AB5A21563C26}.Release|Any CPU.ActiveCfg = Release|Any CPU
		{82D747C4-AB40-4894-A4DB-AB5A21563C26}.Release|Any CPU.Build.0 = Release|Any CPU
		{1C329339-AAC8-46D7-A049-ED7DE3845118}.Debug|Any CPU.ActiveCfg = Debug|Any CPU
		{1C329339-AAC8-46D7-A049-ED7DE3845118}.Debug|Any CPU.Build.0 = Debug|Any CPU
		{1C329339-AAC8-46D7-A049-ED7DE3845118}.Release|Any CPU.ActiveCfg = Release|Any CPU
		{1C329339-AAC8-46D7-A049-ED7DE3845118}.Release|Any CPU.Build.0 = Release|Any CPU
		{811F2F70-31D3-4AEB-8C54-DC7CBDB26214}.Debug|Any CPU.ActiveCfg = Debug|Any CPU
		{811F2F70-31D3-4AEB-8C54-DC7CBDB26214}.Debug|Any CPU.Build.0 = Debug|Any CPU
		{811F2F70-31D3-4AEB-8C54-DC7CBDB26214}.Release|Any CPU.ActiveCfg = Release|Any CPU
		{811F2F70-31D3-4AEB-8C54-DC7CBDB26214}.Release|Any CPU.Build.0 = Release|Any CPU
		{6AE9445D-831C-4EDE-89F1-B1167D991256}.Debug|Any CPU.ActiveCfg = Debug|Any CPU
		{6AE9445D-831C-4EDE-89F1-B1167D991256}.Debug|Any CPU.Build.0 = Debug|Any CPU
		{6AE9445D-831C-4EDE-89F1-B1167D991256}.Release|Any CPU.ActiveCfg = Release|Any CPU
		{6AE9445D-831C-4EDE-89F1-B1167D991256}.Release|Any CPU.Build.0 = Release|Any CPU
		{7DB5E96F-51A9-4065-8B40-3D8CC8A6309E}.Debug|Any CPU.ActiveCfg = Debug|Any CPU
		{7DB5E96F-51A9-4065-8B40-3D8CC8A6309E}.Debug|Any CPU.Build.0 = Debug|Any CPU
		{7DB5E96F-51A9-4065-8B40-3D8CC8A6309E}.Release|Any CPU.ActiveCfg = Release|Any CPU
		{7DB5E96F-51A9-4065-8B40-3D8CC8A6309E}.Release|Any CPU.Build.0 = Release|Any CPU
		{0A67AA79-6766-43F9-B182-89EE7DE58491}.Debug|Any CPU.ActiveCfg = Debug|Any CPU
		{0A67AA79-6766-43F9-B182-89EE7DE58491}.Debug|Any CPU.Build.0 = Debug|Any CPU
		{0A67AA79-6766-43F9-B182-89EE7DE58491}.Release|Any CPU.ActiveCfg = Release|Any CPU
		{0A67AA79-6766-43F9-B182-89EE7DE58491}.Release|Any CPU.Build.0 = Release|Any CPU
		{6C8E4944-C7A2-4547-A0C1-74067C7A67D7}.Debug|Any CPU.ActiveCfg = Debug|Any CPU
		{6C8E4944-C7A2-4547-A0C1-74067C7A67D7}.Debug|Any CPU.Build.0 = Debug|Any CPU
		{6C8E4944-C7A2-4547-A0C1-74067C7A67D7}.Release|Any CPU.ActiveCfg = Release|Any CPU
		{6C8E4944-C7A2-4547-A0C1-74067C7A67D7}.Release|Any CPU.Build.0 = Release|Any CPU
	EndGlobalSection
	GlobalSection(SolutionProperties) = preSolution
		HideSolutionNode = FALSE
	EndGlobalSection
	GlobalSection(NestedProjects) = preSolution
		{0FCE355D-5778-4DFA-84BF-1E58D5DC714B} = {174E222D-B3A4-4ED8-92CE-6E6735C085A5}
		{430AF6BB-03F1-472F-AB35-0438B09BAA99} = {174E222D-B3A4-4ED8-92CE-6E6735C085A5}
		{35FEA9D2-5100-41B1-8826-640DF08E34C3} = {174E222D-B3A4-4ED8-92CE-6E6735C085A5}
		{798F6AA2-F144-4715-99C1-32612DA3D617} = {174E222D-B3A4-4ED8-92CE-6E6735C085A5}
		{5DE7318D-9185-4DCE-A596-B64269F55171} = {174E222D-B3A4-4ED8-92CE-6E6735C085A5}
		{25853A94-B9ED-422A-B82E-B42E7A434385} = {5DE7318D-9185-4DCE-A596-B64269F55171}
		{73144D9C-0A6F-4D2B-A1CC-266E5AD2D364} = {5DE7318D-9185-4DCE-A596-B64269F55171}
		{CE09A199-A5AB-4093-985B-24E44F4D5682} = {174E222D-B3A4-4ED8-92CE-6E6735C085A5}
		{D549C27F-94A2-4648-84B0-2CB76F2D01D7} = {25853A94-B9ED-422A-B82E-B42E7A434385}
		{82D747C4-AB40-4894-A4DB-AB5A21563C26} = {73144D9C-0A6F-4D2B-A1CC-266E5AD2D364}
		{1C329339-AAC8-46D7-A049-ED7DE3845118} = {0FCE355D-5778-4DFA-84BF-1E58D5DC714B}
		{811F2F70-31D3-4AEB-8C54-DC7CBDB26214} = {430AF6BB-03F1-472F-AB35-0438B09BAA99}
		{6AE9445D-831C-4EDE-89F1-B1167D991256} = {35FEA9D2-5100-41B1-8826-640DF08E34C3}
		{7DB5E96F-51A9-4065-8B40-3D8CC8A6309E} = {798F6AA2-F144-4715-99C1-32612DA3D617}
		{01B8C2E3-4FC6-4FFB-BA64-1B28AE0AD44E} = {1D4B87D7-6A4E-4355-BCD2-613B7D39D1D9}
		{0A67AA79-6766-43F9-B182-89EE7DE58491} = {01B8C2E3-4FC6-4FFB-BA64-1B28AE0AD44E}
		{6C8E4944-C7A2-4547-A0C1-74067C7A67D7} = {CE09A199-A5AB-4093-985B-24E44F4D5682}
	EndGlobalSection
	GlobalSection(ExtensibilityGlobals) = postSolution
		SolutionGuid = {035F3971-C6BF-4129-B94C-F2989FFBE2A1}
	EndGlobalSection
EndGlobal
